{
  "name": "sfdc-soup",
  "version": "3.2.0",
  "lockfileVersion": 1,
  "requires": true,
  "dependencies": {
    "dotenv": {
      "version": "8.2.0",
      "resolved": "https://registry.npmjs.org/dotenv/-/dotenv-8.2.0.tgz",
      "integrity": "sha512-8sJ78ElpbDJBHNeBzUbUVLsqKdccaa/BXF1uPTw3GrvQTBgrQrtObr2mUrE38vzYd8cEv+m/JBfDLioYcfXoaw=="
    },
    "fast-xml-parser": {
      "version": "3.18.0",
      "resolved": "https://registry.npmjs.org/fast-xml-parser/-/fast-xml-parser-3.18.0.tgz",
      "integrity": "sha512-tRrwShhppv0K5GKEtuVs92W0VGDaVltZAwtHbpjNF+JOT7cjIFySBGTEOmdBslXYyWYaZwEX/g4Su8ZeKg0LKQ=="
    },
    "node-fetch": {
      "version": "2.6.1",
      "resolved": "https://registry.npmjs.org/node-fetch/-/node-fetch-2.6.1.tgz",
      "integrity": "sha512-V4aYg89jEoVRxRb2fJdAg8FHvI7cEyYdVAh94HH0UIK8oJxUfkjlDQN9RbMx+bEjP7+ggMiFRprSti032Oipxw=="
    },
    "sfdc-happy-api": {
      "version": "2.0.0",
      "resolved": "https://registry.npmjs.org/sfdc-happy-api/-/sfdc-happy-api-2.0.0.tgz",
      "integrity": "sha512-JmlWIEkokJxsMPndnSHF4XxnWzlwVGbvTg6n5nGNsOC7Ao3o1dUDq3grK0Oakz4loyohm1Bc+i9hCSgyTf8dyw==",
      "dev": true,
      "requires": {
        "dotenv": "^8.2.0",
        "fast-xml-parser": "^3.17.2",
        "node-fetch": "^2.6.0"
      }
    }
  }
}
