{
  "name": "sfdc-soup",
  "version": "6.0.0",
  "lockfileVersion": 2,
  "requires": true,
  "packages": {
    "": {
      "version": "6.0.0",
      "license": "ISC",
      "dependencies": {
        "dotenv": "^8.2.0",
        "fast-xml-parser": "3.18.0",
        "node-fetch": "^2.6.0",
        "sfdc-happy-api": "3.0.0",
        "strip-comments": "2.0.1"
      },
      "devDependencies": {}
    },
    "node_modules/dotenv": {
      "version": "8.2.0",
      "resolved": "https://registry.npmjs.org/dotenv/-/dotenv-8.2.0.tgz",
      "integrity": "sha512-8sJ78ElpbDJBHNeBzUbUVLsqKdccaa/BXF1uPTw3GrvQTBgrQrtObr2mUrE38vzYd8cEv+m/JBfDLioYcfXoaw==",
      "engines": {
        "node": ">=8"
      }
    },
    "node_modules/fast-xml-parser": {
      "version": "3.18.0",
      "resolved": "https://registry.npmjs.org/fast-xml-parser/-/fast-xml-parser-3.18.0.tgz",
      "integrity": "sha512-tRrwShhppv0K5GKEtuVs92W0VGDaVltZAwtHbpjNF+JOT7cjIFySBGTEOmdBslXYyWYaZwEX/g4Su8ZeKg0LKQ==",
      "bin": {
        "xml2js": "cli.js"
      },
      "funding": {
        "type": "paypal",
        "url": "https://paypal.me/naturalintelligence"
      }
    },
    "node_modules/node-fetch": {
      "version": "2.6.1",
      "resolved": "https://registry.npmjs.org/node-fetch/-/node-fetch-2.6.1.tgz",
      "integrity": "sha512-V4aYg89jEoVRxRb2fJdAg8FHvI7cEyYdVAh94HH0UIK8oJxUfkjlDQN9RbMx+bEjP7+ggMiFRprSti032Oipxw==",
      "engines": {
        "node": "4.x || >=6.0.0"
      }
    },
    "node_modules/sfdc-happy-api": {
      "version": "3.0.0",
      "resolved": "https://registry.npmjs.org/sfdc-happy-api/-/sfdc-happy-api-3.0.0.tgz",
      "integrity": "sha512-xPc2WsdAedDYNSK9VzbfZVfDkxfrdsDBmDVFLAn8QHIF+OA0pOWVolxCY04XCrO8og9rg/s/B2kh5TomKU5fMQ==",
      "dependencies": {
        "dotenv": "^8.2.0",
        "fast-xml-parser": "^3.17.2",
        "node-fetch": "^2.6.0"
      }
    },
    "node_modules/strip-comments": {
      "version": "2.0.1",
      "resolved": "https://registry.npmjs.org/strip-comments/-/strip-comments-2.0.1.tgz",
      "integrity": "sha512-ZprKx+bBLXv067WTCALv8SSz5l2+XhpYCsVtSqlMnkAXMWDq+/ekVbl1ghqP9rUHTzv6sm/DwCOiYutU/yp1fw==",
      "engines": {
        "node": ">=10"
      }
    }
  },
  "dependencies": {
    "dotenv": {
      "version": "8.2.0",
      "resolved": "https://registry.npmjs.org/dotenv/-/dotenv-8.2.0.tgz",
      "integrity": "sha512-8sJ78ElpbDJBHNeBzUbUVLsqKdccaa/BXF1uPTw3GrvQTBgrQrtObr2mUrE38vzYd8cEv+m/JBfDLioYcfXoaw=="
    },
    "fast-xml-parser": {
      "version": "3.18.0",
      "resolved": "https://registry.npmjs.org/fast-xml-parser/-/fast-xml-parser-3.18.0.tgz",
      "integrity": "sha512-tRrwShhppv0K5GKEtuVs92W0VGDaVltZAwtHbpjNF+JOT7cjIFySBGTEOmdBslXYyWYaZwEX/g4Su8ZeKg0LKQ=="
    },
    "node-fetch": {
      "version": "2.6.1",
      "resolved": "https://registry.npmjs.org/node-fetch/-/node-fetch-2.6.1.tgz",
      "integrity": "sha512-V4aYg89jEoVRxRb2fJdAg8FHvI7cEyYdVAh94HH0UIK8oJxUfkjlDQN9RbMx+bEjP7+ggMiFRprSti032Oipxw=="
    },
    "sfdc-happy-api": {
      "version": "3.0.0",
      "resolved": "https://registry.npmjs.org/sfdc-happy-api/-/sfdc-happy-api-3.0.0.tgz",
      "integrity": "sha512-xPc2WsdAedDYNSK9VzbfZVfDkxfrdsDBmDVFLAn8QHIF+OA0pOWVolxCY04XCrO8og9rg/s/B2kh5TomKU5fMQ==",
      "requires": {
        "dotenv": "^8.2.0",
        "fast-xml-parser": "^3.17.2",
        "node-fetch": "^2.6.0"
      }
    },
    "strip-comments": {
      "version": "2.0.1",
      "resolved": "https://registry.npmjs.org/strip-comments/-/strip-comments-2.0.1.tgz",
      "integrity": "sha512-ZprKx+bBLXv067WTCALv8SSz5l2+XhpYCsVtSqlMnkAXMWDq+/ekVbl1ghqP9rUHTzv6sm/DwCOiYutU/yp1fw=="
    }
  }
}
