{
  "name": "sfdc-soup",
  "version": "4.7.0",
  "lockfileVersion": 2,
  "requires": true,
  "packages": {
    "": {
      "version": "4.7.0",
      "license": "ISC",
      "dependencies": {
        "dotenv": "^8.2.0",
        "fast-xml-parser": "3.18.0",
        "node-fetch": "^2.6.0",
        "sf-standard-field-dependency": "1.1.7",
        "sfdc-happy-api": "2.4.0",
        "strip-comments": "2.0.1"
      },
      "devDependencies": {}
    },
    "node_modules/@chevrotain/types": {
      "version": "9.0.2",
      "resolved": "https://registry.npmjs.org/@chevrotain/types/-/types-9.0.2.tgz",
      "integrity": "sha512-lo1dQPX7DQffJb26eaYLEy4/jUTFmsGKa43mDvMNAHwItEgUQHUkTZR0iAkHG0aJv8ejM/KqYpRVSNetrOK8qw=="
    },
    "node_modules/@chevrotain/utils": {
      "version": "9.0.2",
      "resolved": "https://registry.npmjs.org/@chevrotain/utils/-/utils-9.0.2.tgz",
      "integrity": "sha512-iTju1VpbGruWagXS/XswuqeimOCRNeDvrXLlWHYsHp1qTU8sJfAfLiX5vs7DNxB1px6N8VWVI0SD8vMUksNBYw=="
    },
    "node_modules/chevrotain": {
      "version": "9.0.2",
      "resolved": "https://registry.npmjs.org/chevrotain/-/chevrotain-9.0.2.tgz",
      "integrity": "sha512-6ZjgUdGvU4j1n1b2hTjb79Vr2V+qNtmP7f8FVt79+kdAYcUj2QfYNwI8ycCVsgHD/dIeO5Vr1hckkkfliVQTfg==",
      "dependencies": {
        "@chevrotain/types": "^9.0.2",
        "@chevrotain/utils": "^9.0.2",
        "regexp-to-ast": "0.5.0"
      }
    },
    "node_modules/dotenv": {
      "version": "8.2.0",
      "resolved": "https://registry.npmjs.org/dotenv/-/dotenv-8.2.0.tgz",
      "integrity": "sha512-8sJ78ElpbDJBHNeBzUbUVLsqKdccaa/BXF1uPTw3GrvQTBgrQrtObr2mUrE38vzYd8cEv+m/JBfDLioYcfXoaw==",
      "engines": {
        "node": ">=8"
      }
    },
    "node_modules/fast-xml-parser": {
      "version": "3.18.0",
      "resolved": "https://registry.npmjs.org/fast-xml-parser/-/fast-xml-parser-3.18.0.tgz",
      "integrity": "sha512-tRrwShhppv0K5GKEtuVs92W0VGDaVltZAwtHbpjNF+JOT7cjIFySBGTEOmdBslXYyWYaZwEX/g4Su8ZeKg0LKQ==",
      "bin": {
        "xml2js": "cli.js"
      },
      "funding": {
        "type": "paypal",
        "url": "https://paypal.me/naturalintelligence"
      }
    },
    "node_modules/lodash.get": {
      "version": "4.4.2",
      "resolved": "https://registry.npmjs.org/lodash.get/-/lodash.get-4.4.2.tgz",
      "integrity": "sha1-LRd/ZS+jHpObRDjVNBSZ36OCXpk="
    },
    "node_modules/node-fetch": {
      "version": "2.6.1",
      "resolved": "https://registry.npmjs.org/node-fetch/-/node-fetch-2.6.1.tgz",
      "integrity": "sha512-V4aYg89jEoVRxRb2fJdAg8FHvI7cEyYdVAh94HH0UIK8oJxUfkjlDQN9RbMx+bEjP7+ggMiFRprSti032Oipxw==",
      "engines": {
        "node": "4.x || >=6.0.0"
      }
    },
    "node_modules/regexp-to-ast": {
      "version": "0.5.0",
      "resolved": "https://registry.npmjs.org/regexp-to-ast/-/regexp-to-ast-0.5.0.tgz",
      "integrity": "sha512-tlbJqcMHnPKI9zSrystikWKwHkBqu2a/Sgw01h3zFjvYrMxEDYHzzoMZnUrbIfpTFEsoRnnviOXNCzFiSc54Qw=="
    },
    "node_modules/sf-standard-field-dependency": {
      "version": "1.1.7",
      "resolved": "https://registry.npmjs.org/sf-standard-field-dependency/-/sf-standard-field-dependency-1.1.7.tgz",
      "integrity": "sha512-2E7qmoesSnO215Ig/3tEMeg2qLkTNevLzKVse8ZdwVVblTfLFUvoDEAr3vLsnZCfGYCH2vTOedXKeudDZB9imw==",
      "dependencies": {
        "node-fetch": "^2.6.1",
        "soql-parser-js": "^4.2.1"
      }
    },
    "node_modules/sfdc-happy-api": {
      "version": "2.4.0",
      "resolved": "https://registry.npmjs.org/sfdc-happy-api/-/sfdc-happy-api-2.4.0.tgz",
      "integrity": "sha512-iDM63Clz4r7ffdob/APK2ld7RWEnSiGFtMc5EYRfzZZfP3ieusMdlSJtLOejcgl1iKUNGp1nf2CPXUVfZg7aDw==",
      "dependencies": {
        "dotenv": "^8.2.0",
        "fast-xml-parser": "^3.17.2",
        "node-fetch": "^2.6.0"
      }
    },
    "node_modules/soql-parser-js": {
      "version": "4.2.2",
      "resolved": "https://registry.npmjs.org/soql-parser-js/-/soql-parser-js-4.2.2.tgz",
      "integrity": "sha512-fvDSuXbi9Mn2mw8ApbN1C3ZuWJ5jXqzQuoclKW9LRrvaBcXVyv/592EaQ3nt2xMcMG8meLpipMgc0H/SMFOlCA==",
      "dependencies": {
        "chevrotain": "^9.0.1",
        "lodash.get": "^4.4.2"
      }
    },
    "node_modules/strip-comments": {
      "version": "2.0.1",
      "resolved": "https://registry.npmjs.org/strip-comments/-/strip-comments-2.0.1.tgz",
      "integrity": "sha512-ZprKx+bBLXv067WTCALv8SSz5l2+XhpYCsVtSqlMnkAXMWDq+/ekVbl1ghqP9rUHTzv6sm/DwCOiYutU/yp1fw==",
      "engines": {
        "node": ">=10"
      }
    }
  },
  "dependencies": {
    "@chevrotain/types": {
      "version": "9.0.2",
      "resolved": "https://registry.npmjs.org/@chevrotain/types/-/types-9.0.2.tgz",
      "integrity": "sha512-lo1dQPX7DQffJb26eaYLEy4/jUTFmsGKa43mDvMNAHwItEgUQHUkTZR0iAkHG0aJv8ejM/KqYpRVSNetrOK8qw=="
    },
    "@chevrotain/utils": {
      "version": "9.0.2",
      "resolved": "https://registry.npmjs.org/@chevrotain/utils/-/utils-9.0.2.tgz",
      "integrity": "sha512-iTju1VpbGruWagXS/XswuqeimOCRNeDvrXLlWHYsHp1qTU8sJfAfLiX5vs7DNxB1px6N8VWVI0SD8vMUksNBYw=="
    },
    "chevrotain": {
      "version": "9.0.2",
      "resolved": "https://registry.npmjs.org/chevrotain/-/chevrotain-9.0.2.tgz",
      "integrity": "sha512-6ZjgUdGvU4j1n1b2hTjb79Vr2V+qNtmP7f8FVt79+kdAYcUj2QfYNwI8ycCVsgHD/dIeO5Vr1hckkkfliVQTfg==",
      "requires": {
        "@chevrotain/types": "^9.0.2",
        "@chevrotain/utils": "^9.0.2",
        "regexp-to-ast": "0.5.0"
      }
    },
    "dotenv": {
      "version": "8.2.0",
      "resolved": "https://registry.npmjs.org/dotenv/-/dotenv-8.2.0.tgz",
      "integrity": "sha512-8sJ78ElpbDJBHNeBzUbUVLsqKdccaa/BXF1uPTw3GrvQTBgrQrtObr2mUrE38vzYd8cEv+m/JBfDLioYcfXoaw=="
    },
    "fast-xml-parser": {
      "version": "3.18.0",
      "resolved": "https://registry.npmjs.org/fast-xml-parser/-/fast-xml-parser-3.18.0.tgz",
      "integrity": "sha512-tRrwShhppv0K5GKEtuVs92W0VGDaVltZAwtHbpjNF+JOT7cjIFySBGTEOmdBslXYyWYaZwEX/g4Su8ZeKg0LKQ=="
    },
    "lodash.get": {
      "version": "4.4.2",
      "resolved": "https://registry.npmjs.org/lodash.get/-/lodash.get-4.4.2.tgz",
      "integrity": "sha1-LRd/ZS+jHpObRDjVNBSZ36OCXpk="
    },
    "node-fetch": {
      "version": "2.6.1",
      "resolved": "https://registry.npmjs.org/node-fetch/-/node-fetch-2.6.1.tgz",
      "integrity": "sha512-V4aYg89jEoVRxRb2fJdAg8FHvI7cEyYdVAh94HH0UIK8oJxUfkjlDQN9RbMx+bEjP7+ggMiFRprSti032Oipxw=="
    },
    "regexp-to-ast": {
      "version": "0.5.0",
      "resolved": "https://registry.npmjs.org/regexp-to-ast/-/regexp-to-ast-0.5.0.tgz",
      "integrity": "sha512-tlbJqcMHnPKI9zSrystikWKwHkBqu2a/Sgw01h3zFjvYrMxEDYHzzoMZnUrbIfpTFEsoRnnviOXNCzFiSc54Qw=="
    },
    "sf-standard-field-dependency": {
      "version": "1.1.7",
      "resolved": "https://registry.npmjs.org/sf-standard-field-dependency/-/sf-standard-field-dependency-1.1.7.tgz",
      "integrity": "sha512-2E7qmoesSnO215Ig/3tEMeg2qLkTNevLzKVse8ZdwVVblTfLFUvoDEAr3vLsnZCfGYCH2vTOedXKeudDZB9imw==",
      "requires": {
        "node-fetch": "^2.6.1",
        "soql-parser-js": "^4.2.1"
      }
    },
    "sfdc-happy-api": {
      "version": "2.4.0",
      "resolved": "https://registry.npmjs.org/sfdc-happy-api/-/sfdc-happy-api-2.4.0.tgz",
      "integrity": "sha512-iDM63Clz4r7ffdob/APK2ld7RWEnSiGFtMc5EYRfzZZfP3ieusMdlSJtLOejcgl1iKUNGp1nf2CPXUVfZg7aDw==",
      "requires": {
        "dotenv": "^8.2.0",
        "fast-xml-parser": "^3.17.2",
        "node-fetch": "^2.6.0"
      }
    },
    "soql-parser-js": {
      "version": "4.2.2",
      "resolved": "https://registry.npmjs.org/soql-parser-js/-/soql-parser-js-4.2.2.tgz",
      "integrity": "sha512-fvDSuXbi9Mn2mw8ApbN1C3ZuWJ5jXqzQuoclKW9LRrvaBcXVyv/592EaQ3nt2xMcMG8meLpipMgc0H/SMFOlCA==",
      "requires": {
        "chevrotain": "^9.0.1",
        "lodash.get": "^4.4.2"
      }
    },
    "strip-comments": {
      "version": "2.0.1",
      "resolved": "https://registry.npmjs.org/strip-comments/-/strip-comments-2.0.1.tgz",
      "integrity": "sha512-ZprKx+bBLXv067WTCALv8SSz5l2+XhpYCsVtSqlMnkAXMWDq+/ekVbl1ghqP9rUHTzv6sm/DwCOiYutU/yp1fw=="
    }
  }
}
